
Microsoft Visual Studio Solution File, Format Version 12.00
# Visual Studio 15
VisualStudioVersion = 15.0.28307.329
MinimumVisualStudioVersion = 10.0.40219.1
Project("{F184B08F-C81C-45F6-A57F-5ABD9991F28F}") = "Tututor-Admin", "Tututor-Admin\Tututor-Admin.vbproj", "{1481F259-31F7-4C06-BB8E-25ECA68B058E}"
EndProject
Global
	GlobalSection(SolutionConfigurationPlatforms) = preSolution
		Debug|Any CPU = Debug|Any CPU
		Release|Any CPU = Release|Any CPU
	EndGlobalSection
	GlobalSection(ProjectConfigurationPlatforms) = postSolution
		{1481F259-31F7-4C06-BB8E-25ECA68B058E}.Debug|Any CPU.ActiveCfg = Debug|Any CPU
		{1481F259-31F7-4C06-BB8E-25ECA68B058E}.Debug|Any CPU.Build.0 = Debug|Any CPU
		{1481F259-31F7-4C06-BB8E-25ECA68B058E}.Release|Any CPU.ActiveCfg = Release|Any CPU
		{1481F259-31F7-4C06-BB8E-25ECA68B058E}.Release|Any CPU.Build.0 = Release|Any CPU
	EndGlobalSection
	GlobalSection(SolutionProperties) = preSolution
		HideSolutionNode = FALSE
	EndGlobalSection
	GlobalSection(ExtensibilityGlobals) = postSolution
		SolutionGuid = {5A7649A1-B75F-4866-997C-0922FAA79D5A}
	EndGlobalSection
EndGlobal
